<?xml version="1.0" encoding="utf-8"?>
<Project ToolsVersion="4.0" xmlns="http://schemas.microsoft.com/developer/msbuild/2003">
  <ItemGroup>
    <Filter Include="src">
      <UniqueIdentifier>{6436362a-6ade-11e2-be0d-000c2978b81b}</UniqueIdentifier>
    </Filter>
  </ItemGroup>
  <ItemGroup>
    <ClCompile Include="..\..\..\src\glew\src\glew.c">
      <Filter>src</Filter>
    </ClCompile>
    <None Include="..\..\..\src\glew\src\glew.inl">
      <Filter>src</Filter>
    </None>
  </ItemGroup>
</Project>
