<?xml version="1.0" encoding="utf-8"?>
<Project ToolsVersion="4.0" xmlns="http://schemas.microsoft.com/developer/msbuild/2003">
  <ItemGroup>
    <Filter Include="src">
      <UniqueIdentifier>{a559d432-5b97-11e2-8d25-7d8ff4b8ed2a}</UniqueIdentifier>
    </Filter>
    <Filter Include="src\console">
      <UniqueIdentifier>{a55c261a-5b97-11e2-8d25-7d8ff4b8ed2a}</UniqueIdentifier>
    </Filter>
  </ItemGroup>
  <ItemGroup>
    <ClCompile Include="..\..\..\src\uptest\src\fixture_name_filter.cpp">
      <Filter>src</Filter>
    </ClCompile>
    <ClCompile Include="..\..\..\src\uptest\src\test_benchmark.cpp">
      <Filter>src</Filter>
    </ClCompile>
    <ClCompile Include="..\..\..\src\uptest\src\test_case.cpp">
      <Filter>src</Filter>
    </ClCompile>
    <ClCompile Include="..\..\..\src\uptest\src\test_error.cpp">
      <Filter>src</Filter>
    </ClCompile>
    <ClCompile Include="..\..\..\src\uptest\src\test_listener.cpp">
      <Filter>src</Filter>
    </ClCompile>
    <ClCompile Include="..\..\..\src\uptest\src\test_object.cpp">
      <Filter>src</Filter>
    </ClCompile>
    <ClCompile Include="..\..\..\src\uptest\src\test_result.cpp">
      <Filter>src</Filter>
    </ClCompile>
    <ClCompile Include="..\..\..\src\uptest\src\test_runner.cpp">
      <Filter>src</Filter>
    </ClCompile>
    <ClCompile Include="..\..\..\src\uptest\src\test_suite.cpp">
      <Filter>src</Filter>
    </ClCompile>
    <ClCompile Include="..\..\..\src\uptest\src\console\console_test_listener.cpp">
      <Filter>src\console</Filter>
    </ClCompile>
    <ClCompile Include="..\..\..\src\uptest\src\console\console_test_runner.cpp">
      <Filter>src\console</Filter>
    </ClCompile>
  </ItemGroup>
</Project>
