<?xml version="1.0" encoding="utf-8"?>
<Project ToolsVersion="4.0" xmlns="http://schemas.microsoft.com/developer/msbuild/2003">
  <ItemGroup>
    <Filter Include="driver">
      <UniqueIdentifier>{61208f9e-6ade-11e2-be0d-000c2978b81b}</UniqueIdentifier>
    </Filter>
    <Filter Include="bench">
      <UniqueIdentifier>{61209354-6ade-11e2-be0d-000c2978b81b}</UniqueIdentifier>
    </Filter>
  </ItemGroup>
  <ItemGroup>
    <ClCompile Include="..\..\..\src\uptest\driver\console_driver.cpp">
      <Filter>driver</Filter>
    </ClCompile>
    <ClCompile Include="..\..\..\src\upcore\bench\clocale.cpp">
      <Filter>bench</Filter>
    </ClCompile>
    <ClCompile Include="..\..\..\src\upcore\bench\container.maps.cpp">
      <Filter>bench</Filter>
    </ClCompile>
    <ClCompile Include="..\..\..\src\upcore\bench\cstdio.printf.cpp">
      <Filter>bench</Filter>
    </ClCompile>
    <ClCompile Include="..\..\..\src\upcore\bench\cstdlib.strtoint.cpp">
      <Filter>bench</Filter>
    </ClCompile>
    <ClCompile Include="..\..\..\src\upcore\bench\cstdlib.strtoreal.cpp">
      <Filter>bench</Filter>
    </ClCompile>
    <ClCompile Include="..\..\..\src\upcore\bench\cstring.hash.cpp">
      <Filter>bench</Filter>
    </ClCompile>
    <ClCompile Include="..\..\..\src\upcore\bench\cstrings.utf16.cpp">
      <Filter>bench</Filter>
    </ClCompile>
    <ClCompile Include="..\..\..\src\upcore\bench\cstrings.utf32.cpp">
      <Filter>bench</Filter>
    </ClCompile>
    <ClCompile Include="..\..\..\src\upcore\bench\cstrings.utf8.cpp">
      <Filter>bench</Filter>
    </ClCompile>
    <ClCompile Include="..\..\..\src\upcore\bench\math.float4.cpp">
      <Filter>bench</Filter>
    </ClCompile>
    <ClCompile Include="..\..\..\src\upcore\bench\memory.allocators.cpp">
      <Filter>bench</Filter>
    </ClCompile>
    <ClCompile Include="..\..\..\src\upcore\bench\sexp.cpp">
      <Filter>bench</Filter>
    </ClCompile>
    <ClCompile Include="..\..\..\src\upcore\bench\bitwise.cpp">
      <Filter>bench</Filter>
    </ClCompile>
  </ItemGroup>
</Project>