<?xml version="1.0" encoding="utf-8"?>
<Project ToolsVersion="4.0" xmlns="http://schemas.microsoft.com/developer/msbuild/2003">
  <ItemGroup>
    <Filter Include="driver">
      <UniqueIdentifier>{a273fca2-5b97-11e2-8d25-7d8ff4b8ed2a}</UniqueIdentifier>
    </Filter>
    <Filter Include="bench">
      <UniqueIdentifier>{a273ffd6-5b97-11e2-8d25-7d8ff4b8ed2a}</UniqueIdentifier>
    </Filter>
  </ItemGroup>
  <ItemGroup>
    <ClCompile Include="..\..\..\src\uptest\driver\console_driver.cpp">
      <Filter>driver</Filter>
    </ClCompile>
    <ClCompile Include="..\..\..\src\upsystem\bench\create_buffer.cpp">
      <Filter>bench</Filter>
    </ClCompile>
    <ClCompile Include="..\..\..\src\upsystem\bench\device_enumerator.cpp">
      <Filter>bench</Filter>
    </ClCompile>
    <None Include="..\..\..\src\upsystem\bench\device_enumerator.hpp">
      <Filter>bench</Filter>
    </None>
  </ItemGroup>
</Project>
