<?xml version="1.0" encoding="utf-8"?>
<Project ToolsVersion="4.0" xmlns="http://schemas.microsoft.com/developer/msbuild/2003">
  <ItemGroup>
    <Filter Include="driver">
      <UniqueIdentifier>{61109300-6ade-11e2-be0d-000c2978b81b}</UniqueIdentifier>
    </Filter>
    <Filter Include="bench">
      <UniqueIdentifier>{6110965c-6ade-11e2-be0d-000c2978b81b}</UniqueIdentifier>
    </Filter>
  </ItemGroup>
  <ItemGroup>
    <ClCompile Include="..\..\..\src\uptest\driver\console_driver.cpp">
      <Filter>driver</Filter>
    </ClCompile>
    <ClCompile Include="..\..\..\src\upsystem\bench\create_buffer.cpp">
      <Filter>bench</Filter>
    </ClCompile>
    <ClCompile Include="..\..\..\src\upsystem\bench\device_enumerator.cpp">
      <Filter>bench</Filter>
    </ClCompile>
    <None Include="..\..\..\src\upsystem\bench\device_enumerator.hpp">
      <Filter>bench</Filter>
    </None>
  </ItemGroup>
</Project>
