<?xml version="1.0" encoding="utf-8"?>
<Project ToolsVersion="4.0" xmlns="http://schemas.microsoft.com/developer/msbuild/2003">
  <ItemGroup>
    <Filter Include="data">
      <UniqueIdentifier>{64450eac-6ade-11e2-be0d-000c2978b81b}</UniqueIdentifier>
    </Filter>
    <Filter Include="src">
      <UniqueIdentifier>{6445a448-6ade-11e2-be0d-000c2978b81b}</UniqueIdentifier>
    </Filter>
  </ItemGroup>
  <ItemGroup>
    <None Include="..\..\..\sample\raycast\data\kernel.cl">
      <Filter>data</Filter>
    </None>
    <ClCompile Include="..\..\..\sample\raycast\src\raycast.cpp">
      <Filter>src</Filter>
    </ClCompile>
  </ItemGroup>
</Project>
