Microsoft Visual Studio Solution File, Format Version 12.00
# Visual Studio 2012
Project("{2150E333-8FDC-42A3-9474-1A3956D46DE8}") = "include", "include", "{E8DF6D52-610F-11E2-A95A-000C2978B81B}"
EndProject
Project("{2150E333-8FDC-42A3-9474-1A3956D46DE8}") = "glew", "glew", "{E8E027B0-610F-11E2-A95A-000C2978B81B}"
EndProject
Project("{2150E333-8FDC-42A3-9474-1A3956D46DE8}") = "GL", "GL", "{E8E30368-610F-11E2-A95A-000C2978B81B}"
	ProjectSection(SolutionItems) = preProject
		..\..\include\glew\GL\glcorearb.h = ..\..\include\glew\GL\glcorearb.h
		..\..\include\glew\GL\glew.h = ..\..\include\glew\GL\glew.h
		..\..\include\glew\GL\glext.h = ..\..\include\glew\GL\glext.h
		..\..\include\glew\GL\glxew.h = ..\..\include\glew\GL\glxew.h
		..\..\include\glew\GL\wglew.h = ..\..\include\glew\GL\wglew.h
		..\..\include\glew\GL\wglext.h = ..\..\include\glew\GL\wglext.h
	EndProjectSection
EndProject
Project("{2150E333-8FDC-42A3-9474-1A3956D46DE8}") = "opencl", "opencl", "{E8E3CD84-610F-11E2-A95A-000C2978B81B}"
EndProject
Project("{2150E333-8FDC-42A3-9474-1A3956D46DE8}") = "CL", "CL", "{E8E87924-610F-11E2-A95A-000C2978B81B}"
	ProjectSection(SolutionItems) = preProject
		..\..\include\opencl\CL\cl.h = ..\..\include\opencl\CL\cl.h
		..\..\include\opencl\CL\cl.hpp = ..\..\include\opencl\CL\cl.hpp
		..\..\include\opencl\CL\cl_d3d10.h = ..\..\include\opencl\CL\cl_d3d10.h
		..\..\include\opencl\CL\cl_d3d11.h = ..\..\include\opencl\CL\cl_d3d11.h
		..\..\include\opencl\CL\cl_dx9_media_sharing.h = ..\..\include\opencl\CL\cl_dx9_media_sharing.h
		..\..\include\opencl\CL\cl_ext.h = ..\..\include\opencl\CL\cl_ext.h
		..\..\include\opencl\CL\cl_gl.h = ..\..\include\opencl\CL\cl_gl.h
		..\..\include\opencl\CL\cl_gl_ext.h = ..\..\include\opencl\CL\cl_gl_ext.h
		..\..\include\opencl\CL\cl_platform.h = ..\..\include\opencl\CL\cl_platform.h
		..\..\include\opencl\CL\opencl.h = ..\..\include\opencl\CL\opencl.h
	EndProjectSection
EndProject
Project("{2150E333-8FDC-42A3-9474-1A3956D46DE8}") = "upcore", "upcore", "{E8E942C8-610F-11E2-A95A-000C2978B81B}"
EndProject
Project("{2150E333-8FDC-42A3-9474-1A3956D46DE8}") = "up", "up", "{E900DCA8-610F-11E2-A95A-000C2978B81B}"
	ProjectSection(SolutionItems) = preProject
		..\..\include\upcore\up\allocator.hpp = ..\..\include\upcore\up\allocator.hpp
		..\..\include\upcore\up\atomic.hpp = ..\..\include\upcore\up\atomic.hpp
		..\..\include\upcore\up\bitwise.hpp = ..\..\include\upcore\up\bitwise.hpp
		..\..\include\upcore\up\byteswap.hpp = ..\..\include\upcore\up\byteswap.hpp
		..\..\include\upcore\up\cassert.hpp = ..\..\include\upcore\up\cassert.hpp
		..\..\include\upcore\up\cctype.hpp = ..\..\include\upcore\up\cctype.hpp
		..\..\include\upcore\up\cerrno.hpp = ..\..\include\upcore\up\cerrno.hpp
		..\..\include\upcore\up\cfenv.hpp = ..\..\include\upcore\up\cfenv.hpp
		..\..\include\upcore\up\cfloat.hpp = ..\..\include\upcore\up\cfloat.hpp
		..\..\include\upcore\up\cinttypes.hpp = ..\..\include\upcore\up\cinttypes.hpp
		..\..\include\upcore\up\ciso646.hpp = ..\..\include\upcore\up\ciso646.hpp
		..\..\include\upcore\up\climits.hpp = ..\..\include\upcore\up\climits.hpp
		..\..\include\upcore\up\clocale.hpp = ..\..\include\upcore\up\clocale.hpp
		..\..\include\upcore\up\cmath.hpp = ..\..\include\upcore\up\cmath.hpp
		..\..\include\upcore\up\csetjmp.hpp = ..\..\include\upcore\up\csetjmp.hpp
		..\..\include\upcore\up\csignal.hpp = ..\..\include\upcore\up\csignal.hpp
		..\..\include\upcore\up\cstdalign.hpp = ..\..\include\upcore\up\cstdalign.hpp
		..\..\include\upcore\up\cstdarg.hpp = ..\..\include\upcore\up\cstdarg.hpp
		..\..\include\upcore\up\cstdbool.hpp = ..\..\include\upcore\up\cstdbool.hpp
		..\..\include\upcore\up\cstddef.hpp = ..\..\include\upcore\up\cstddef.hpp
		..\..\include\upcore\up\cstdint.hpp = ..\..\include\upcore\up\cstdint.hpp
		..\..\include\upcore\up\cstdio.hpp = ..\..\include\upcore\up\cstdio.hpp
		..\..\include\upcore\up\cstdlib.hpp = ..\..\include\upcore\up\cstdlib.hpp
		..\..\include\upcore\up\cstring.hpp = ..\..\include\upcore\up\cstring.hpp
		..\..\include\upcore\up\cthreads.hpp = ..\..\include\upcore\up\cthreads.hpp
		..\..\include\upcore\up\ctime.hpp = ..\..\include\upcore\up\ctime.hpp
		..\..\include\upcore\up\cuchar.hpp = ..\..\include\upcore\up\cuchar.hpp
		..\..\include\upcore\up\cuctype.hpp = ..\..\include\upcore\up\cuctype.hpp
		..\..\include\upcore\up\cwchar.hpp = ..\..\include\upcore\up\cwchar.hpp
		..\..\include\upcore\up\cwctype.hpp = ..\..\include\upcore\up\cwctype.hpp
		..\..\include\upcore\up\densemap.hpp = ..\..\include\upcore\up\densemap.hpp
		..\..\include\upcore\up\denseset.hpp = ..\..\include\upcore\up\denseset.hpp
		..\..\include\upcore\up\filesystem.hpp = ..\..\include\upcore\up\filesystem.hpp
		..\..\include\upcore\up\hash.hpp = ..\..\include\upcore\up\hash.hpp
		..\..\include\upcore\up\hashmap.hpp = ..\..\include\upcore\up\hashmap.hpp
		..\..\include\upcore\up\hashset.hpp = ..\..\include\upcore\up\hashset.hpp
		..\..\include\upcore\up\ieee754.hpp = ..\..\include\upcore\up\ieee754.hpp
		..\..\include\upcore\up\limits.hpp = ..\..\include\upcore\up\limits.hpp
		..\..\include\upcore\up\list.hpp = ..\..\include\upcore\up\list.hpp
		..\..\include\upcore\up\log.hpp = ..\..\include\upcore\up\log.hpp
		..\..\include\upcore\up\math.hpp = ..\..\include\upcore\up\math.hpp
		..\..\include\upcore\up\memory.hpp = ..\..\include\upcore\up\memory.hpp
		..\..\include\upcore\up\page.hpp = ..\..\include\upcore\up\page.hpp
		..\..\include\upcore\up\prolog.hpp = ..\..\include\upcore\up\prolog.hpp
		..\..\include\upcore\up\random.hpp = ..\..\include\upcore\up\random.hpp
		..\..\include\upcore\up\region.hpp = ..\..\include\upcore\up\region.hpp
		..\..\include\upcore\up\sexp.hpp = ..\..\include\upcore\up\sexp.hpp
		..\..\include\upcore\up\slist.hpp = ..\..\include\upcore\up\slist.hpp
		..\..\include\upcore\up\sparsemap.hpp = ..\..\include\upcore\up\sparsemap.hpp
		..\..\include\upcore\up\sparseset.hpp = ..\..\include\upcore\up\sparseset.hpp
		..\..\include\upcore\up\tchar.hpp = ..\..\include\upcore\up\tchar.hpp
		..\..\include\upcore\up\type_traits.hpp = ..\..\include\upcore\up\type_traits.hpp
		..\..\include\upcore\up\utility.hpp = ..\..\include\upcore\up\utility.hpp
	EndProjectSection
EndProject
Project("{2150E333-8FDC-42A3-9474-1A3956D46DE8}") = "detail", "detail", "{E91C3142-610F-11E2-A95A-000C2978B81B}"
	ProjectSection(SolutionItems) = preProject
		..\..\include\upcore\up\detail\aligned_alloc_c11.inl = ..\..\include\upcore\up\detail\aligned_alloc_c11.inl
		..\..\include\upcore\up\detail\aligned_alloc_generic.inl = ..\..\include\upcore\up\detail\aligned_alloc_generic.inl
		..\..\include\upcore\up\detail\aligned_alloc_posix.inl = ..\..\include\upcore\up\detail\aligned_alloc_posix.inl
		..\..\include\upcore\up\detail\atomic_cxx11.inl = ..\..\include\upcore\up\detail\atomic_cxx11.inl
		..\..\include\upcore\up\detail\atomic_fence_gcc_x86_x64.inl = ..\..\include\upcore\up\detail\atomic_fence_gcc_x86_x64.inl
		..\..\include\upcore\up\detail\atomic_fence_msvc_x86_x64.inl = ..\..\include\upcore\up\detail\atomic_fence_msvc_x86_x64.inl
		..\..\include\upcore\up\detail\atomic_flag_gcc_x86_x64.inl = ..\..\include\upcore\up\detail\atomic_flag_gcc_x86_x64.inl
		..\..\include\upcore\up\detail\atomic_flag_msvc_x86_x64.inl = ..\..\include\upcore\up\detail\atomic_flag_msvc_x86_x64.inl
		..\..\include\upcore\up\detail\atomic_generic.inl = ..\..\include\upcore\up\detail\atomic_generic.inl
		..\..\include\upcore\up\detail\atomic_storage_gcc_x86_x64.inl = ..\..\include\upcore\up\detail\atomic_storage_gcc_x86_x64.inl
		..\..\include\upcore\up\detail\atomic_storage_msvc_x86_x64.inl = ..\..\include\upcore\up\detail\atomic_storage_msvc_x86_x64.inl
		..\..\include\upcore\up\detail\atomic_yield_gcc_x86_x64.inl = ..\..\include\upcore\up\detail\atomic_yield_gcc_x86_x64.inl
		..\..\include\upcore\up\detail\atomic_yield_msvc_x86_x64.inl = ..\..\include\upcore\up\detail\atomic_yield_msvc_x86_x64.inl
		..\..\include\upcore\up\detail\bitwise_gcc.inl = ..\..\include\upcore\up\detail\bitwise_gcc.inl
		..\..\include\upcore\up\detail\bitwise_msvc.inl = ..\..\include\upcore\up\detail\bitwise_msvc.inl
		..\..\include\upcore\up\detail\byteswap_gcc_arm.inl = ..\..\include\upcore\up\detail\byteswap_gcc_arm.inl
		..\..\include\upcore\up\detail\byteswap_gcc_x86_x64.inl = ..\..\include\upcore\up\detail\byteswap_gcc_x86_x64.inl
		..\..\include\upcore\up\detail\byteswap_msvc.inl = ..\..\include\upcore\up\detail\byteswap_msvc.inl
		..\..\include\upcore\up\detail\cctype_msvc.inl = ..\..\include\upcore\up\detail\cctype_msvc.inl
		..\..\include\upcore\up\detail\cctype_posix.inl = ..\..\include\upcore\up\detail\cctype_posix.inl
		..\..\include\upcore\up\detail\cerrno_windows.inl = ..\..\include\upcore\up\detail\cerrno_windows.inl
		..\..\include\upcore\up\detail\cfenv_c99.inl = ..\..\include\upcore\up\detail\cfenv_c99.inl
		..\..\include\upcore\up\detail\cfenv_msvc.inl = ..\..\include\upcore\up\detail\cfenv_msvc.inl
		..\..\include\upcore\up\detail\cfloat_gcc.inl = ..\..\include\upcore\up\detail\cfloat_gcc.inl
		..\..\include\upcore\up\detail\cfloat_msvc.inl = ..\..\include\upcore\up\detail\cfloat_msvc.inl
		..\..\include\upcore\up\detail\cinttypes_c99.inl = ..\..\include\upcore\up\detail\cinttypes_c99.inl
		..\..\include\upcore\up\detail\cinttypes_msvc.inl = ..\..\include\upcore\up\detail\cinttypes_msvc.inl
		..\..\include\upcore\up\detail\clocale_msvc.inl = ..\..\include\upcore\up\detail\clocale_msvc.inl
		..\..\include\upcore\up\detail\clocale_posix.inl = ..\..\include\upcore\up\detail\clocale_posix.inl
		..\..\include\upcore\up\detail\cmath_c99.inl = ..\..\include\upcore\up\detail\cmath_c99.inl
		..\..\include\upcore\up\detail\cmath_generic.inl = ..\..\include\upcore\up\detail\cmath_generic.inl
		..\..\include\upcore\up\detail\cstdio_msvc.inl = ..\..\include\upcore\up\detail\cstdio_msvc.inl
		..\..\include\upcore\up\detail\cstdio_posix.inl = ..\..\include\upcore\up\detail\cstdio_posix.inl
		..\..\include\upcore\up\detail\cstdlib_msvc.inl = ..\..\include\upcore\up\detail\cstdlib_msvc.inl
		..\..\include\upcore\up\detail\cstring_msvc.inl = ..\..\include\upcore\up\detail\cstring_msvc.inl
		..\..\include\upcore\up\detail\cstring_posix.inl = ..\..\include\upcore\up\detail\cstring_posix.inl
		..\..\include\upcore\up\detail\cthreads_c11.inl = ..\..\include\upcore\up\detail\cthreads_c11.inl
		..\..\include\upcore\up\detail\cthreads_pthreads.inl = ..\..\include\upcore\up\detail\cthreads_pthreads.inl
		..\..\include\upcore\up\detail\cthreads_xthreads.inl = ..\..\include\upcore\up\detail\cthreads_xthreads.inl
		..\..\include\upcore\up\detail\ctime_msvc.inl = ..\..\include\upcore\up\detail\ctime_msvc.inl
		..\..\include\upcore\up\detail\ctime_posix.inl = ..\..\include\upcore\up\detail\ctime_posix.inl
		..\..\include\upcore\up\detail\cuchar_wchar_utf16.inl = ..\..\include\upcore\up\detail\cuchar_wchar_utf16.inl
		..\..\include\upcore\up\detail\cuchar_wchar_utf32.inl = ..\..\include\upcore\up\detail\cuchar_wchar_utf32.inl
		..\..\include\upcore\up\detail\cuchar_wchar_utf8.inl = ..\..\include\upcore\up\detail\cuchar_wchar_utf8.inl
		..\..\include\upcore\up\detail\cwchar_msvc.inl = ..\..\include\upcore\up\detail\cwchar_msvc.inl
		..\..\include\upcore\up\detail\cwchar_posix.inl = ..\..\include\upcore\up\detail\cwchar_posix.inl
		..\..\include\upcore\up\detail\cwctype_msvc.inl = ..\..\include\upcore\up\detail\cwctype_msvc.inl
		..\..\include\upcore\up\detail\cwctype_posix.inl = ..\..\include\upcore\up\detail\cwctype_posix.inl
		..\..\include\upcore\up\detail\dense.inl = ..\..\include\upcore\up\detail\dense.inl
		..\..\include\upcore\up\detail\hash.inl = ..\..\include\upcore\up\detail\hash.inl
		..\..\include\upcore\up\detail\malloca_alloca.inl = ..\..\include\upcore\up\detail\malloca_alloca.inl
		..\..\include\upcore\up\detail\malloca_malloc.inl = ..\..\include\upcore\up\detail\malloca_malloc.inl
		..\..\include\upcore\up\detail\sparse.inl = ..\..\include\upcore\up\detail\sparse.inl
		..\..\include\upcore\up\detail\tchar_char.inl = ..\..\include\upcore\up\detail\tchar_char.inl
		..\..\include\upcore\up\detail\tchar_wchar.inl = ..\..\include\upcore\up\detail\tchar_wchar.inl
		..\..\include\upcore\up\detail\type_traits_cxx11.inl = ..\..\include\upcore\up\detail\type_traits_cxx11.inl
		..\..\include\upcore\up\detail\type_traits_generic.inl = ..\..\include\upcore\up\detail\type_traits_generic.inl
	EndProjectSection
EndProject
Project("{2150E333-8FDC-42A3-9474-1A3956D46DE8}") = "math", "math", "{E9250A9C-610F-11E2-A95A-000C2978B81B}"
	ProjectSection(SolutionItems) = preProject
		..\..\include\upcore\up\math\float4.hpp = ..\..\include\upcore\up\math\float4.hpp
		..\..\include\upcore\up\math\float4x2.hpp = ..\..\include\upcore\up\math\float4x2.hpp
		..\..\include\upcore\up\math\float4x3.hpp = ..\..\include\upcore\up\math\float4x3.hpp
		..\..\include\upcore\up\math\float4x4.hpp = ..\..\include\upcore\up\math\float4x4.hpp
		..\..\include\upcore\up\math\int4.hpp = ..\..\include\upcore\up\math\int4.hpp
		..\..\include\upcore\up\math\int4x2.hpp = ..\..\include\upcore\up\math\int4x2.hpp
		..\..\include\upcore\up\math\int4x3.hpp = ..\..\include\upcore\up\math\int4x3.hpp
		..\..\include\upcore\up\math\int4x4.hpp = ..\..\include\upcore\up\math\int4x4.hpp
		..\..\include\upcore\up\math\mathfwd.hpp = ..\..\include\upcore\up\math\mathfwd.hpp
		..\..\include\upcore\up\math\matrices.hpp = ..\..\include\upcore\up\math\matrices.hpp
		..\..\include\upcore\up\math\uint4.hpp = ..\..\include\upcore\up\math\uint4.hpp
		..\..\include\upcore\up\math\uint4x2.hpp = ..\..\include\upcore\up\math\uint4x2.hpp
		..\..\include\upcore\up\math\uint4x3.hpp = ..\..\include\upcore\up\math\uint4x3.hpp
		..\..\include\upcore\up\math\uint4x4.hpp = ..\..\include\upcore\up\math\uint4x4.hpp
		..\..\include\upcore\up\math\vectors.hpp = ..\..\include\upcore\up\math\vectors.hpp
	EndProjectSection
EndProject
Project("{2150E333-8FDC-42A3-9474-1A3956D46DE8}") = "generic", "generic", "{E931AF9A-610F-11E2-A95A-000C2978B81B}"
	ProjectSection(SolutionItems) = preProject
		..\..\include\upcore\up\math\generic\double2_type.inl = ..\..\include\upcore\up\math\generic\double2_type.inl
		..\..\include\upcore\up\math\generic\double3_type.inl = ..\..\include\upcore\up\math\generic\double3_type.inl
		..\..\include\upcore\up\math\generic\double4_type.inl = ..\..\include\upcore\up\math\generic\double4_type.inl
		..\..\include\upcore\up\math\generic\float2_type.inl = ..\..\include\upcore\up\math\generic\float2_type.inl
		..\..\include\upcore\up\math\generic\float3_type.inl = ..\..\include\upcore\up\math\generic\float3_type.inl
		..\..\include\upcore\up\math\generic\float4_operations.inl = ..\..\include\upcore\up\math\generic\float4_operations.inl
		..\..\include\upcore\up\math\generic\float4_type.inl = ..\..\include\upcore\up\math\generic\float4_type.inl
		..\..\include\upcore\up\math\generic\int2_type.inl = ..\..\include\upcore\up\math\generic\int2_type.inl
		..\..\include\upcore\up\math\generic\int3_type.inl = ..\..\include\upcore\up\math\generic\int3_type.inl
		..\..\include\upcore\up\math\generic\int4_operations.inl = ..\..\include\upcore\up\math\generic\int4_operations.inl
		..\..\include\upcore\up\math\generic\int4_type.inl = ..\..\include\upcore\up\math\generic\int4_type.inl
		..\..\include\upcore\up\math\generic\long2_type.inl = ..\..\include\upcore\up\math\generic\long2_type.inl
		..\..\include\upcore\up\math\generic\long3_type.inl = ..\..\include\upcore\up\math\generic\long3_type.inl
		..\..\include\upcore\up\math\generic\long4_type.inl = ..\..\include\upcore\up\math\generic\long4_type.inl
		..\..\include\upcore\up\math\generic\scalar_operations.inl = ..\..\include\upcore\up\math\generic\scalar_operations.inl
		..\..\include\upcore\up\math\generic\uint2_type.inl = ..\..\include\upcore\up\math\generic\uint2_type.inl
		..\..\include\upcore\up\math\generic\uint3_type.inl = ..\..\include\upcore\up\math\generic\uint3_type.inl
		..\..\include\upcore\up\math\generic\uint4_operations.inl = ..\..\include\upcore\up\math\generic\uint4_operations.inl
		..\..\include\upcore\up\math\generic\uint4_type.inl = ..\..\include\upcore\up\math\generic\uint4_type.inl
		..\..\include\upcore\up\math\generic\ulong2_type.inl = ..\..\include\upcore\up\math\generic\ulong2_type.inl
		..\..\include\upcore\up\math\generic\ulong3_type.inl = ..\..\include\upcore\up\math\generic\ulong3_type.inl
		..\..\include\upcore\up\math\generic\ulong4_type.inl = ..\..\include\upcore\up\math\generic\ulong4_type.inl
		..\..\include\upcore\up\math\generic\vectors.inl = ..\..\include\upcore\up\math\generic\vectors.inl
	EndProjectSection
EndProject
Project("{2150E333-8FDC-42A3-9474-1A3956D46DE8}") = "sse", "sse", "{E9359B00-610F-11E2-A95A-000C2978B81B}"
	ProjectSection(SolutionItems) = preProject
		..\..\include\upcore\up\math\sse\float4_operations.inl = ..\..\include\upcore\up\math\sse\float4_operations.inl
		..\..\include\upcore\up\math\sse\float4x4_operations.inl = ..\..\include\upcore\up\math\sse\float4x4_operations.inl
		..\..\include\upcore\up\math\sse\int4_operations.inl = ..\..\include\upcore\up\math\sse\int4_operations.inl
		..\..\include\upcore\up\math\sse\uint4_operations.inl = ..\..\include\upcore\up\math\sse\uint4_operations.inl
		..\..\include\upcore\up\math\sse\vector_conversions.inl = ..\..\include\upcore\up\math\sse\vector_conversions.inl
		..\..\include\upcore\up\math\sse\vectors.inl = ..\..\include\upcore\up\math\sse\vectors.inl
	EndProjectSection
EndProject
Project("{2150E333-8FDC-42A3-9474-1A3956D46DE8}") = "prolog", "prolog", "{E9397180-610F-11E2-A95A-000C2978B81B}"
	ProjectSection(SolutionItems) = preProject
		..\..\include\upcore\up\prolog\.gitignore = ..\..\include\upcore\up\prolog\.gitignore
		..\..\include\upcore\up\prolog\apple.hpp = ..\..\include\upcore\up\prolog\apple.hpp
		..\..\include\upcore\up\prolog\gcc.hpp = ..\..\include\upcore\up\prolog\gcc.hpp
		..\..\include\upcore\up\prolog\linux.hpp = ..\..\include\upcore\up\prolog\linux.hpp
		..\..\include\upcore\up\prolog\msvc.hpp = ..\..\include\upcore\up\prolog\msvc.hpp
		..\..\include\upcore\up\prolog\target.hpp = ..\..\include\upcore\up\prolog\target.hpp
		..\..\include\upcore\up\prolog\windows.hpp = ..\..\include\upcore\up\prolog\windows.hpp
	EndProjectSection
EndProject
Project("{2150E333-8FDC-42A3-9474-1A3956D46DE8}") = "upsystem", "upsystem", "{E93A4B00-610F-11E2-A95A-000C2978B81B}"
EndProject
Project("{2150E333-8FDC-42A3-9474-1A3956D46DE8}") = "up", "up", "{E93B1ED6-610F-11E2-A95A-000C2978B81B}"
	ProjectSection(SolutionItems) = preProject
		..\..\include\upsystem\up\system.hpp = ..\..\include\upsystem\up\system.hpp
	EndProjectSection
EndProject
Project("{2150E333-8FDC-42A3-9474-1A3956D46DE8}") = "uptest", "uptest", "{E93BE35C-610F-11E2-A95A-000C2978B81B}"
EndProject
Project("{2150E333-8FDC-42A3-9474-1A3956D46DE8}") = "up", "up", "{E93D1812-610F-11E2-A95A-000C2978B81B}"
	ProjectSection(SolutionItems) = preProject
		..\..\include\uptest\up\test.hpp = ..\..\include\uptest\up\test.hpp
	EndProjectSection
EndProject
Project("{2150E333-8FDC-42A3-9474-1A3956D46DE8}") = "test", "test", "{E9447418-610F-11E2-A95A-000C2978B81B}"
	ProjectSection(SolutionItems) = preProject
		..\..\include\uptest\up\test\default_filter.hpp = ..\..\include\uptest\up\test\default_filter.hpp
		..\..\include\uptest\up\test\fixture_name_filter.hpp = ..\..\include\uptest\up\test\fixture_name_filter.hpp
		..\..\include\uptest\up\test\identity_filter.hpp = ..\..\include\uptest\up\test\identity_filter.hpp
		..\..\include\uptest\up\test\test_benchmark.hpp = ..\..\include\uptest\up\test\test_benchmark.hpp
		..\..\include\uptest\up\test\test_benchmark_result.hpp = ..\..\include\uptest\up\test\test_benchmark_result.hpp
		..\..\include\uptest\up\test\test_case.hpp = ..\..\include\uptest\up\test\test_case.hpp
		..\..\include\uptest\up\test\test_error.hpp = ..\..\include\uptest\up\test\test_error.hpp
		..\..\include\uptest\up\test\test_filter.hpp = ..\..\include\uptest\up\test\test_filter.hpp
		..\..\include\uptest\up\test\test_listener.hpp = ..\..\include\uptest\up\test\test_listener.hpp
		..\..\include\uptest\up\test\test_object.hpp = ..\..\include\uptest\up\test\test_object.hpp
		..\..\include\uptest\up\test\test_result.hpp = ..\..\include\uptest\up\test\test_result.hpp
		..\..\include\uptest\up\test\test_runner.hpp = ..\..\include\uptest\up\test\test_runner.hpp
		..\..\include\uptest\up\test\test_suite.hpp = ..\..\include\uptest\up\test\test_suite.hpp
		..\..\include\uptest\up\test\testfwd.hpp = ..\..\include\uptest\up\test\testfwd.hpp
	EndProjectSection
EndProject
Project("{2150E333-8FDC-42A3-9474-1A3956D46DE8}") = "console", "console", "{E9461D36-610F-11E2-A95A-000C2978B81B}"
	ProjectSection(SolutionItems) = preProject
		..\..\include\uptest\up\test\console\console_test_listener.hpp = ..\..\include\uptest\up\test\console\console_test_listener.hpp
		..\..\include\uptest\up\test\console\console_test_runner.hpp = ..\..\include\uptest\up\test\console\console_test_runner.hpp
	EndProjectSection
EndProject
Project("{2150E333-8FDC-42A3-9474-1A3956D46DE8}") = "src", "src", "{E9462394-610F-11E2-A95A-000C2978B81B}"
EndProject
Project("{2150E333-8FDC-42A3-9474-1A3956D46DE8}") = "libraries", "libraries", "{E94625B0-610F-11E2-A95A-000C2978B81B}"
EndProject
Project("{2150E333-8FDC-42A3-9474-1A3956D46DE8}") = "tests", "tests", "{E9462740-610F-11E2-A95A-000C2978B81B}"
EndProject
Project("{2150E333-8FDC-42A3-9474-1A3956D46DE8}") = "benchmarks", "benchmarks", "{E94628D0-610F-11E2-A95A-000C2978B81B}"
EndProject
Project("{8BC9CEB8-8B4A-11D0-8D11-00A0C91BC942}") = "upcore_tests", "tests\upcore_tests.vcxproj", "{E9462A88-610F-11E2-A95A-000C2978B81B}"
	ProjectSection(ProjectDependencies) = postProject
		{E946337A-610F-11E2-A95A-000C2978B81B} = {E946337A-610F-11E2-A95A-000C2978B81B}
		{E9463AAA-610F-11E2-A95A-000C2978B81B} = {E9463AAA-610F-11E2-A95A-000C2978B81B}
	EndProjectSection
EndProject
Project("{8BC9CEB8-8B4A-11D0-8D11-00A0C91BC942}") = "upsystem_bench", "benchmarks\upsystem_bench.vcxproj", "{E9462E16-610F-11E2-A95A-000C2978B81B}"
	ProjectSection(ProjectDependencies) = postProject
		{E946337A-610F-11E2-A95A-000C2978B81B} = {E946337A-610F-11E2-A95A-000C2978B81B}
		{E9463000-610F-11E2-A95A-000C2978B81B} = {E9463000-610F-11E2-A95A-000C2978B81B}
		{E9463AAA-610F-11E2-A95A-000C2978B81B} = {E9463AAA-610F-11E2-A95A-000C2978B81B}
	EndProjectSection
EndProject
Project("{8BC9CEB8-8B4A-11D0-8D11-00A0C91BC942}") = "upsystem", "libraries\upsystem.vcxproj", "{E9463000-610F-11E2-A95A-000C2978B81B}"
	ProjectSection(ProjectDependencies) = postProject
		{E9463C12-610F-11E2-A95A-000C2978B81B} = {E9463C12-610F-11E2-A95A-000C2978B81B}
		{E946337A-610F-11E2-A95A-000C2978B81B} = {E946337A-610F-11E2-A95A-000C2978B81B}
	EndProjectSection
EndProject
Project("{8BC9CEB8-8B4A-11D0-8D11-00A0C91BC942}") = "upcore_bench", "benchmarks\upcore_bench.vcxproj", "{E946312C-610F-11E2-A95A-000C2978B81B}"
	ProjectSection(ProjectDependencies) = postProject
		{E946337A-610F-11E2-A95A-000C2978B81B} = {E946337A-610F-11E2-A95A-000C2978B81B}
		{E9463AAA-610F-11E2-A95A-000C2978B81B} = {E9463AAA-610F-11E2-A95A-000C2978B81B}
	EndProjectSection
EndProject
Project("{8BC9CEB8-8B4A-11D0-8D11-00A0C91BC942}") = "upcore", "libraries\upcore.vcxproj", "{E946337A-610F-11E2-A95A-000C2978B81B}"
EndProject
Project("{8BC9CEB8-8B4A-11D0-8D11-00A0C91BC942}") = "uptest", "libraries\uptest.vcxproj", "{E9463AAA-610F-11E2-A95A-000C2978B81B}"
	ProjectSection(ProjectDependencies) = postProject
		{E946337A-610F-11E2-A95A-000C2978B81B} = {E946337A-610F-11E2-A95A-000C2978B81B}
	EndProjectSection
EndProject
Project("{8BC9CEB8-8B4A-11D0-8D11-00A0C91BC942}") = "glew", "libraries\glew.vcxproj", "{E9463C12-610F-11E2-A95A-000C2978B81B}"
EndProject
Global
	GlobalSection(SolutionConfigurationPlatforms) = preSolution
		Shared-Debug|Win32 = Shared-Debug|Win32
		Shared-Debug|x64 = Shared-Debug|x64
		Shared-Gold|Win32 = Shared-Gold|Win32
		Shared-Gold|x64 = Shared-Gold|x64
		Shared-Platinum|Win32 = Shared-Platinum|Win32
		Shared-Platinum|x64 = Shared-Platinum|x64
		Shared-Release|Win32 = Shared-Release|Win32
		Shared-Release|x64 = Shared-Release|x64
		Shared-Silver|Win32 = Shared-Silver|Win32
		Shared-Silver|x64 = Shared-Silver|x64
		Static-Debug|Win32 = Static-Debug|Win32
		Static-Debug|x64 = Static-Debug|x64
		Static-Gold|Win32 = Static-Gold|Win32
		Static-Gold|x64 = Static-Gold|x64
		Static-Platinum|Win32 = Static-Platinum|Win32
		Static-Platinum|x64 = Static-Platinum|x64
		Static-Release|Win32 = Static-Release|Win32
		Static-Release|x64 = Static-Release|x64
		Static-Silver|Win32 = Static-Silver|Win32
		Static-Silver|x64 = Static-Silver|x64
	EndGlobalSection
	GlobalSection(ProjectConfigurationPlatforms) = postSolution
		{E9462A88-610F-11E2-A95A-000C2978B81B}.Shared-Debug|Win32.ActiveCfg = Shared-Debug|Win32
		{E9462A88-610F-11E2-A95A-000C2978B81B}.Shared-Debug|Win32.Build.0 = Shared-Debug|Win32
		{E9462A88-610F-11E2-A95A-000C2978B81B}.Shared-Debug|x64.ActiveCfg = Shared-Debug|x64
		{E9462A88-610F-11E2-A95A-000C2978B81B}.Shared-Debug|x64.Build.0 = Shared-Debug|x64
		{E9462A88-610F-11E2-A95A-000C2978B81B}.Shared-Gold|Win32.ActiveCfg = Shared-Gold|Win32
		{E9462A88-610F-11E2-A95A-000C2978B81B}.Shared-Gold|Win32.Build.0 = Shared-Gold|Win32
		{E9462A88-610F-11E2-A95A-000C2978B81B}.Shared-Gold|x64.ActiveCfg = Shared-Gold|x64
		{E9462A88-610F-11E2-A95A-000C2978B81B}.Shared-Gold|x64.Build.0 = Shared-Gold|x64
		{E9462A88-610F-11E2-A95A-000C2978B81B}.Shared-Platinum|Win32.ActiveCfg = Shared-Platinum|Win32
		{E9462A88-610F-11E2-A95A-000C2978B81B}.Shared-Platinum|Win32.Build.0 = Shared-Platinum|Win32
		{E9462A88-610F-11E2-A95A-000C2978B81B}.Shared-Platinum|x64.ActiveCfg = Shared-Platinum|x64
		{E9462A88-610F-11E2-A95A-000C2978B81B}.Shared-Platinum|x64.Build.0 = Shared-Platinum|x64
		{E9462A88-610F-11E2-A95A-000C2978B81B}.Shared-Release|Win32.ActiveCfg = Shared-Release|Win32
		{E9462A88-610F-11E2-A95A-000C2978B81B}.Shared-Release|Win32.Build.0 = Shared-Release|Win32
		{E9462A88-610F-11E2-A95A-000C2978B81B}.Shared-Release|x64.ActiveCfg = Shared-Release|x64
		{E9462A88-610F-11E2-A95A-000C2978B81B}.Shared-Release|x64.Build.0 = Shared-Release|x64
		{E9462A88-610F-11E2-A95A-000C2978B81B}.Shared-Silver|Win32.ActiveCfg = Shared-Silver|Win32
		{E9462A88-610F-11E2-A95A-000C2978B81B}.Shared-Silver|Win32.Build.0 = Shared-Silver|Win32
		{E9462A88-610F-11E2-A95A-000C2978B81B}.Shared-Silver|x64.ActiveCfg = Shared-Silver|x64
		{E9462A88-610F-11E2-A95A-000C2978B81B}.Shared-Silver|x64.Build.0 = Shared-Silver|x64
		{E9462A88-610F-11E2-A95A-000C2978B81B}.Static-Debug|Win32.ActiveCfg = Static-Debug|Win32
		{E9462A88-610F-11E2-A95A-000C2978B81B}.Static-Debug|Win32.Build.0 = Static-Debug|Win32
		{E9462A88-610F-11E2-A95A-000C2978B81B}.Static-Debug|x64.ActiveCfg = Static-Debug|x64
		{E9462A88-610F-11E2-A95A-000C2978B81B}.Static-Debug|x64.Build.0 = Static-Debug|x64
		{E9462A88-610F-11E2-A95A-000C2978B81B}.Static-Gold|Win32.ActiveCfg = Static-Gold|Win32
		{E9462A88-610F-11E2-A95A-000C2978B81B}.Static-Gold|Win32.Build.0 = Static-Gold|Win32
		{E9462A88-610F-11E2-A95A-000C2978B81B}.Static-Gold|x64.ActiveCfg = Static-Gold|x64
		{E9462A88-610F-11E2-A95A-000C2978B81B}.Static-Gold|x64.Build.0 = Static-Gold|x64
		{E9462A88-610F-11E2-A95A-000C2978B81B}.Static-Platinum|Win32.ActiveCfg = Static-Platinum|Win32
		{E9462A88-610F-11E2-A95A-000C2978B81B}.Static-Platinum|Win32.Build.0 = Static-Platinum|Win32
		{E9462A88-610F-11E2-A95A-000C2978B81B}.Static-Platinum|x64.ActiveCfg = Static-Platinum|x64
		{E9462A88-610F-11E2-A95A-000C2978B81B}.Static-Platinum|x64.Build.0 = Static-Platinum|x64
		{E9462A88-610F-11E2-A95A-000C2978B81B}.Static-Release|Win32.ActiveCfg = Static-Release|Win32
		{E9462A88-610F-11E2-A95A-000C2978B81B}.Static-Release|Win32.Build.0 = Static-Release|Win32
		{E9462A88-610F-11E2-A95A-000C2978B81B}.Static-Release|x64.ActiveCfg = Static-Release|x64
		{E9462A88-610F-11E2-A95A-000C2978B81B}.Static-Release|x64.Build.0 = Static-Release|x64
		{E9462A88-610F-11E2-A95A-000C2978B81B}.Static-Silver|Win32.ActiveCfg = Static-Silver|Win32
		{E9462A88-610F-11E2-A95A-000C2978B81B}.Static-Silver|Win32.Build.0 = Static-Silver|Win32
		{E9462A88-610F-11E2-A95A-000C2978B81B}.Static-Silver|x64.ActiveCfg = Static-Silver|x64
		{E9462A88-610F-11E2-A95A-000C2978B81B}.Static-Silver|x64.Build.0 = Static-Silver|x64
		{E9462E16-610F-11E2-A95A-000C2978B81B}.Shared-Debug|Win32.ActiveCfg = Shared-Debug|Win32
		{E9462E16-610F-11E2-A95A-000C2978B81B}.Shared-Debug|Win32.Build.0 = Shared-Debug|Win32
		{E9462E16-610F-11E2-A95A-000C2978B81B}.Shared-Debug|x64.ActiveCfg = Shared-Debug|x64
		{E9462E16-610F-11E2-A95A-000C2978B81B}.Shared-Debug|x64.Build.0 = Shared-Debug|x64
		{E9462E16-610F-11E2-A95A-000C2978B81B}.Shared-Gold|Win32.ActiveCfg = Shared-Gold|Win32
		{E9462E16-610F-11E2-A95A-000C2978B81B}.Shared-Gold|Win32.Build.0 = Shared-Gold|Win32
		{E9462E16-610F-11E2-A95A-000C2978B81B}.Shared-Gold|x64.ActiveCfg = Shared-Gold|x64
		{E9462E16-610F-11E2-A95A-000C2978B81B}.Shared-Gold|x64.Build.0 = Shared-Gold|x64
		{E9462E16-610F-11E2-A95A-000C2978B81B}.Shared-Platinum|Win32.ActiveCfg = Shared-Platinum|Win32
		{E9462E16-610F-11E2-A95A-000C2978B81B}.Shared-Platinum|Win32.Build.0 = Shared-Platinum|Win32
		{E9462E16-610F-11E2-A95A-000C2978B81B}.Shared-Platinum|x64.ActiveCfg = Shared-Platinum|x64
		{E9462E16-610F-11E2-A95A-000C2978B81B}.Shared-Platinum|x64.Build.0 = Shared-Platinum|x64
		{E9462E16-610F-11E2-A95A-000C2978B81B}.Shared-Release|Win32.ActiveCfg = Shared-Release|Win32
		{E9462E16-610F-11E2-A95A-000C2978B81B}.Shared-Release|Win32.Build.0 = Shared-Release|Win32
		{E9462E16-610F-11E2-A95A-000C2978B81B}.Shared-Release|x64.ActiveCfg = Shared-Release|x64
		{E9462E16-610F-11E2-A95A-000C2978B81B}.Shared-Release|x64.Build.0 = Shared-Release|x64
		{E9462E16-610F-11E2-A95A-000C2978B81B}.Shared-Silver|Win32.ActiveCfg = Shared-Silver|Win32
		{E9462E16-610F-11E2-A95A-000C2978B81B}.Shared-Silver|Win32.Build.0 = Shared-Silver|Win32
		{E9462E16-610F-11E2-A95A-000C2978B81B}.Shared-Silver|x64.ActiveCfg = Shared-Silver|x64
		{E9462E16-610F-11E2-A95A-000C2978B81B}.Shared-Silver|x64.Build.0 = Shared-Silver|x64
		{E9462E16-610F-11E2-A95A-000C2978B81B}.Static-Debug|Win32.ActiveCfg = Static-Debug|Win32
		{E9462E16-610F-11E2-A95A-000C2978B81B}.Static-Debug|Win32.Build.0 = Static-Debug|Win32
		{E9462E16-610F-11E2-A95A-000C2978B81B}.Static-Debug|x64.ActiveCfg = Static-Debug|x64
		{E9462E16-610F-11E2-A95A-000C2978B81B}.Static-Debug|x64.Build.0 = Static-Debug|x64
		{E9462E16-610F-11E2-A95A-000C2978B81B}.Static-Gold|Win32.ActiveCfg = Static-Gold|Win32
		{E9462E16-610F-11E2-A95A-000C2978B81B}.Static-Gold|Win32.Build.0 = Static-Gold|Win32
		{E9462E16-610F-11E2-A95A-000C2978B81B}.Static-Gold|x64.ActiveCfg = Static-Gold|x64
		{E9462E16-610F-11E2-A95A-000C2978B81B}.Static-Gold|x64.Build.0 = Static-Gold|x64
		{E9462E16-610F-11E2-A95A-000C2978B81B}.Static-Platinum|Win32.ActiveCfg = Static-Platinum|Win32
		{E9462E16-610F-11E2-A95A-000C2978B81B}.Static-Platinum|Win32.Build.0 = Static-Platinum|Win32
		{E9462E16-610F-11E2-A95A-000C2978B81B}.Static-Platinum|x64.ActiveCfg = Static-Platinum|x64
		{E9462E16-610F-11E2-A95A-000C2978B81B}.Static-Platinum|x64.Build.0 = Static-Platinum|x64
		{E9462E16-610F-11E2-A95A-000C2978B81B}.Static-Release|Win32.ActiveCfg = Static-Release|Win32
		{E9462E16-610F-11E2-A95A-000C2978B81B}.Static-Release|Win32.Build.0 = Static-Release|Win32
		{E9462E16-610F-11E2-A95A-000C2978B81B}.Static-Release|x64.ActiveCfg = Static-Release|x64
		{E9462E16-610F-11E2-A95A-000C2978B81B}.Static-Release|x64.Build.0 = Static-Release|x64
		{E9462E16-610F-11E2-A95A-000C2978B81B}.Static-Silver|Win32.ActiveCfg = Static-Silver|Win32
		{E9462E16-610F-11E2-A95A-000C2978B81B}.Static-Silver|Win32.Build.0 = Static-Silver|Win32
		{E9462E16-610F-11E2-A95A-000C2978B81B}.Static-Silver|x64.ActiveCfg = Static-Silver|x64
		{E9462E16-610F-11E2-A95A-000C2978B81B}.Static-Silver|x64.Build.0 = Static-Silver|x64
		{E9463000-610F-11E2-A95A-000C2978B81B}.Shared-Debug|Win32.ActiveCfg = Shared-Debug|Win32
		{E9463000-610F-11E2-A95A-000C2978B81B}.Shared-Debug|Win32.Build.0 = Shared-Debug|Win32
		{E9463000-610F-11E2-A95A-000C2978B81B}.Shared-Debug|x64.ActiveCfg = Shared-Debug|x64
		{E9463000-610F-11E2-A95A-000C2978B81B}.Shared-Debug|x64.Build.0 = Shared-Debug|x64
		{E9463000-610F-11E2-A95A-000C2978B81B}.Shared-Gold|Win32.ActiveCfg = Shared-Gold|Win32
		{E9463000-610F-11E2-A95A-000C2978B81B}.Shared-Gold|Win32.Build.0 = Shared-Gold|Win32
		{E9463000-610F-11E2-A95A-000C2978B81B}.Shared-Gold|x64.ActiveCfg = Shared-Gold|x64
		{E9463000-610F-11E2-A95A-000C2978B81B}.Shared-Gold|x64.Build.0 = Shared-Gold|x64
		{E9463000-610F-11E2-A95A-000C2978B81B}.Shared-Platinum|Win32.ActiveCfg = Shared-Platinum|Win32
		{E9463000-610F-11E2-A95A-000C2978B81B}.Shared-Platinum|Win32.Build.0 = Shared-Platinum|Win32
		{E9463000-610F-11E2-A95A-000C2978B81B}.Shared-Platinum|x64.ActiveCfg = Shared-Platinum|x64
		{E9463000-610F-11E2-A95A-000C2978B81B}.Shared-Platinum|x64.Build.0 = Shared-Platinum|x64
		{E9463000-610F-11E2-A95A-000C2978B81B}.Shared-Release|Win32.ActiveCfg = Shared-Release|Win32
		{E9463000-610F-11E2-A95A-000C2978B81B}.Shared-Release|Win32.Build.0 = Shared-Release|Win32
		{E9463000-610F-11E2-A95A-000C2978B81B}.Shared-Release|x64.ActiveCfg = Shared-Release|x64
		{E9463000-610F-11E2-A95A-000C2978B81B}.Shared-Release|x64.Build.0 = Shared-Release|x64
		{E9463000-610F-11E2-A95A-000C2978B81B}.Shared-Silver|Win32.ActiveCfg = Shared-Silver|Win32
		{E9463000-610F-11E2-A95A-000C2978B81B}.Shared-Silver|Win32.Build.0 = Shared-Silver|Win32
		{E9463000-610F-11E2-A95A-000C2978B81B}.Shared-Silver|x64.ActiveCfg = Shared-Silver|x64
		{E9463000-610F-11E2-A95A-000C2978B81B}.Shared-Silver|x64.Build.0 = Shared-Silver|x64
		{E9463000-610F-11E2-A95A-000C2978B81B}.Static-Debug|Win32.ActiveCfg = Static-Debug|Win32
		{E9463000-610F-11E2-A95A-000C2978B81B}.Static-Debug|Win32.Build.0 = Static-Debug|Win32
		{E9463000-610F-11E2-A95A-000C2978B81B}.Static-Debug|x64.ActiveCfg = Static-Debug|x64
		{E9463000-610F-11E2-A95A-000C2978B81B}.Static-Debug|x64.Build.0 = Static-Debug|x64
		{E9463000-610F-11E2-A95A-000C2978B81B}.Static-Gold|Win32.ActiveCfg = Static-Gold|Win32
		{E9463000-610F-11E2-A95A-000C2978B81B}.Static-Gold|Win32.Build.0 = Static-Gold|Win32
		{E9463000-610F-11E2-A95A-000C2978B81B}.Static-Gold|x64.ActiveCfg = Static-Gold|x64
		{E9463000-610F-11E2-A95A-000C2978B81B}.Static-Gold|x64.Build.0 = Static-Gold|x64
		{E9463000-610F-11E2-A95A-000C2978B81B}.Static-Platinum|Win32.ActiveCfg = Static-Platinum|Win32
		{E9463000-610F-11E2-A95A-000C2978B81B}.Static-Platinum|Win32.Build.0 = Static-Platinum|Win32
		{E9463000-610F-11E2-A95A-000C2978B81B}.Static-Platinum|x64.ActiveCfg = Static-Platinum|x64
		{E9463000-610F-11E2-A95A-000C2978B81B}.Static-Platinum|x64.Build.0 = Static-Platinum|x64
		{E9463000-610F-11E2-A95A-000C2978B81B}.Static-Release|Win32.ActiveCfg = Static-Release|Win32
		{E9463000-610F-11E2-A95A-000C2978B81B}.Static-Release|Win32.Build.0 = Static-Release|Win32
		{E9463000-610F-11E2-A95A-000C2978B81B}.Static-Release|x64.ActiveCfg = Static-Release|x64
		{E9463000-610F-11E2-A95A-000C2978B81B}.Static-Release|x64.Build.0 = Static-Release|x64
		{E9463000-610F-11E2-A95A-000C2978B81B}.Static-Silver|Win32.ActiveCfg = Static-Silver|Win32
		{E9463000-610F-11E2-A95A-000C2978B81B}.Static-Silver|Win32.Build.0 = Static-Silver|Win32
		{E9463000-610F-11E2-A95A-000C2978B81B}.Static-Silver|x64.ActiveCfg = Static-Silver|x64
		{E9463000-610F-11E2-A95A-000C2978B81B}.Static-Silver|x64.Build.0 = Static-Silver|x64
		{E946312C-610F-11E2-A95A-000C2978B81B}.Shared-Debug|Win32.ActiveCfg = Shared-Debug|Win32
		{E946312C-610F-11E2-A95A-000C2978B81B}.Shared-Debug|Win32.Build.0 = Shared-Debug|Win32
		{E946312C-610F-11E2-A95A-000C2978B81B}.Shared-Debug|x64.ActiveCfg = Shared-Debug|x64
		{E946312C-610F-11E2-A95A-000C2978B81B}.Shared-Debug|x64.Build.0 = Shared-Debug|x64
		{E946312C-610F-11E2-A95A-000C2978B81B}.Shared-Gold|Win32.ActiveCfg = Shared-Gold|Win32
		{E946312C-610F-11E2-A95A-000C2978B81B}.Shared-Gold|Win32.Build.0 = Shared-Gold|Win32
		{E946312C-610F-11E2-A95A-000C2978B81B}.Shared-Gold|x64.ActiveCfg = Shared-Gold|x64
		{E946312C-610F-11E2-A95A-000C2978B81B}.Shared-Gold|x64.Build.0 = Shared-Gold|x64
		{E946312C-610F-11E2-A95A-000C2978B81B}.Shared-Platinum|Win32.ActiveCfg = Shared-Platinum|Win32
		{E946312C-610F-11E2-A95A-000C2978B81B}.Shared-Platinum|Win32.Build.0 = Shared-Platinum|Win32
		{E946312C-610F-11E2-A95A-000C2978B81B}.Shared-Platinum|x64.ActiveCfg = Shared-Platinum|x64
		{E946312C-610F-11E2-A95A-000C2978B81B}.Shared-Platinum|x64.Build.0 = Shared-Platinum|x64
		{E946312C-610F-11E2-A95A-000C2978B81B}.Shared-Release|Win32.ActiveCfg = Shared-Release|Win32
		{E946312C-610F-11E2-A95A-000C2978B81B}.Shared-Release|Win32.Build.0 = Shared-Release|Win32
		{E946312C-610F-11E2-A95A-000C2978B81B}.Shared-Release|x64.ActiveCfg = Shared-Release|x64
		{E946312C-610F-11E2-A95A-000C2978B81B}.Shared-Release|x64.Build.0 = Shared-Release|x64
		{E946312C-610F-11E2-A95A-000C2978B81B}.Shared-Silver|Win32.ActiveCfg = Shared-Silver|Win32
		{E946312C-610F-11E2-A95A-000C2978B81B}.Shared-Silver|Win32.Build.0 = Shared-Silver|Win32
		{E946312C-610F-11E2-A95A-000C2978B81B}.Shared-Silver|x64.ActiveCfg = Shared-Silver|x64
		{E946312C-610F-11E2-A95A-000C2978B81B}.Shared-Silver|x64.Build.0 = Shared-Silver|x64
		{E946312C-610F-11E2-A95A-000C2978B81B}.Static-Debug|Win32.ActiveCfg = Static-Debug|Win32
		{E946312C-610F-11E2-A95A-000C2978B81B}.Static-Debug|Win32.Build.0 = Static-Debug|Win32
		{E946312C-610F-11E2-A95A-000C2978B81B}.Static-Debug|x64.ActiveCfg = Static-Debug|x64
		{E946312C-610F-11E2-A95A-000C2978B81B}.Static-Debug|x64.Build.0 = Static-Debug|x64
		{E946312C-610F-11E2-A95A-000C2978B81B}.Static-Gold|Win32.ActiveCfg = Static-Gold|Win32
		{E946312C-610F-11E2-A95A-000C2978B81B}.Static-Gold|Win32.Build.0 = Static-Gold|Win32
		{E946312C-610F-11E2-A95A-000C2978B81B}.Static-Gold|x64.ActiveCfg = Static-Gold|x64
		{E946312C-610F-11E2-A95A-000C2978B81B}.Static-Gold|x64.Build.0 = Static-Gold|x64
		{E946312C-610F-11E2-A95A-000C2978B81B}.Static-Platinum|Win32.ActiveCfg = Static-Platinum|Win32
		{E946312C-610F-11E2-A95A-000C2978B81B}.Static-Platinum|Win32.Build.0 = Static-Platinum|Win32
		{E946312C-610F-11E2-A95A-000C2978B81B}.Static-Platinum|x64.ActiveCfg = Static-Platinum|x64
		{E946312C-610F-11E2-A95A-000C2978B81B}.Static-Platinum|x64.Build.0 = Static-Platinum|x64
		{E946312C-610F-11E2-A95A-000C2978B81B}.Static-Release|Win32.ActiveCfg = Static-Release|Win32
		{E946312C-610F-11E2-A95A-000C2978B81B}.Static-Release|Win32.Build.0 = Static-Release|Win32
		{E946312C-610F-11E2-A95A-000C2978B81B}.Static-Release|x64.ActiveCfg = Static-Release|x64
		{E946312C-610F-11E2-A95A-000C2978B81B}.Static-Release|x64.Build.0 = Static-Release|x64
		{E946312C-610F-11E2-A95A-000C2978B81B}.Static-Silver|Win32.ActiveCfg = Static-Silver|Win32
		{E946312C-610F-11E2-A95A-000C2978B81B}.Static-Silver|Win32.Build.0 = Static-Silver|Win32
		{E946312C-610F-11E2-A95A-000C2978B81B}.Static-Silver|x64.ActiveCfg = Static-Silver|x64
		{E946312C-610F-11E2-A95A-000C2978B81B}.Static-Silver|x64.Build.0 = Static-Silver|x64
		{E946337A-610F-11E2-A95A-000C2978B81B}.Shared-Debug|Win32.ActiveCfg = Shared-Debug|Win32
		{E946337A-610F-11E2-A95A-000C2978B81B}.Shared-Debug|Win32.Build.0 = Shared-Debug|Win32
		{E946337A-610F-11E2-A95A-000C2978B81B}.Shared-Debug|x64.ActiveCfg = Shared-Debug|x64
		{E946337A-610F-11E2-A95A-000C2978B81B}.Shared-Debug|x64.Build.0 = Shared-Debug|x64
		{E946337A-610F-11E2-A95A-000C2978B81B}.Shared-Gold|Win32.ActiveCfg = Shared-Gold|Win32
		{E946337A-610F-11E2-A95A-000C2978B81B}.Shared-Gold|Win32.Build.0 = Shared-Gold|Win32
		{E946337A-610F-11E2-A95A-000C2978B81B}.Shared-Gold|x64.ActiveCfg = Shared-Gold|x64
		{E946337A-610F-11E2-A95A-000C2978B81B}.Shared-Gold|x64.Build.0 = Shared-Gold|x64
		{E946337A-610F-11E2-A95A-000C2978B81B}.Shared-Platinum|Win32.ActiveCfg = Shared-Platinum|Win32
		{E946337A-610F-11E2-A95A-000C2978B81B}.Shared-Platinum|Win32.Build.0 = Shared-Platinum|Win32
		{E946337A-610F-11E2-A95A-000C2978B81B}.Shared-Platinum|x64.ActiveCfg = Shared-Platinum|x64
		{E946337A-610F-11E2-A95A-000C2978B81B}.Shared-Platinum|x64.Build.0 = Shared-Platinum|x64
		{E946337A-610F-11E2-A95A-000C2978B81B}.Shared-Release|Win32.ActiveCfg = Shared-Release|Win32
		{E946337A-610F-11E2-A95A-000C2978B81B}.Shared-Release|Win32.Build.0 = Shared-Release|Win32
		{E946337A-610F-11E2-A95A-000C2978B81B}.Shared-Release|x64.ActiveCfg = Shared-Release|x64
		{E946337A-610F-11E2-A95A-000C2978B81B}.Shared-Release|x64.Build.0 = Shared-Release|x64
		{E946337A-610F-11E2-A95A-000C2978B81B}.Shared-Silver|Win32.ActiveCfg = Shared-Silver|Win32
		{E946337A-610F-11E2-A95A-000C2978B81B}.Shared-Silver|Win32.Build.0 = Shared-Silver|Win32
		{E946337A-610F-11E2-A95A-000C2978B81B}.Shared-Silver|x64.ActiveCfg = Shared-Silver|x64
		{E946337A-610F-11E2-A95A-000C2978B81B}.Shared-Silver|x64.Build.0 = Shared-Silver|x64
		{E946337A-610F-11E2-A95A-000C2978B81B}.Static-Debug|Win32.ActiveCfg = Static-Debug|Win32
		{E946337A-610F-11E2-A95A-000C2978B81B}.Static-Debug|Win32.Build.0 = Static-Debug|Win32
		{E946337A-610F-11E2-A95A-000C2978B81B}.Static-Debug|x64.ActiveCfg = Static-Debug|x64
		{E946337A-610F-11E2-A95A-000C2978B81B}.Static-Debug|x64.Build.0 = Static-Debug|x64
		{E946337A-610F-11E2-A95A-000C2978B81B}.Static-Gold|Win32.ActiveCfg = Static-Gold|Win32
		{E946337A-610F-11E2-A95A-000C2978B81B}.Static-Gold|Win32.Build.0 = Static-Gold|Win32
		{E946337A-610F-11E2-A95A-000C2978B81B}.Static-Gold|x64.ActiveCfg = Static-Gold|x64
		{E946337A-610F-11E2-A95A-000C2978B81B}.Static-Gold|x64.Build.0 = Static-Gold|x64
		{E946337A-610F-11E2-A95A-000C2978B81B}.Static-Platinum|Win32.ActiveCfg = Static-Platinum|Win32
		{E946337A-610F-11E2-A95A-000C2978B81B}.Static-Platinum|Win32.Build.0 = Static-Platinum|Win32
		{E946337A-610F-11E2-A95A-000C2978B81B}.Static-Platinum|x64.ActiveCfg = Static-Platinum|x64
		{E946337A-610F-11E2-A95A-000C2978B81B}.Static-Platinum|x64.Build.0 = Static-Platinum|x64
		{E946337A-610F-11E2-A95A-000C2978B81B}.Static-Release|Win32.ActiveCfg = Static-Release|Win32
		{E946337A-610F-11E2-A95A-000C2978B81B}.Static-Release|Win32.Build.0 = Static-Release|Win32
		{E946337A-610F-11E2-A95A-000C2978B81B}.Static-Release|x64.ActiveCfg = Static-Release|x64
		{E946337A-610F-11E2-A95A-000C2978B81B}.Static-Release|x64.Build.0 = Static-Release|x64
		{E946337A-610F-11E2-A95A-000C2978B81B}.Static-Silver|Win32.ActiveCfg = Static-Silver|Win32
		{E946337A-610F-11E2-A95A-000C2978B81B}.Static-Silver|Win32.Build.0 = Static-Silver|Win32
		{E946337A-610F-11E2-A95A-000C2978B81B}.Static-Silver|x64.ActiveCfg = Static-Silver|x64
		{E946337A-610F-11E2-A95A-000C2978B81B}.Static-Silver|x64.Build.0 = Static-Silver|x64
		{E9463AAA-610F-11E2-A95A-000C2978B81B}.Shared-Debug|Win32.ActiveCfg = Shared-Debug|Win32
		{E9463AAA-610F-11E2-A95A-000C2978B81B}.Shared-Debug|Win32.Build.0 = Shared-Debug|Win32
		{E9463AAA-610F-11E2-A95A-000C2978B81B}.Shared-Debug|x64.ActiveCfg = Shared-Debug|x64
		{E9463AAA-610F-11E2-A95A-000C2978B81B}.Shared-Debug|x64.Build.0 = Shared-Debug|x64
		{E9463AAA-610F-11E2-A95A-000C2978B81B}.Shared-Gold|Win32.ActiveCfg = Shared-Gold|Win32
		{E9463AAA-610F-11E2-A95A-000C2978B81B}.Shared-Gold|Win32.Build.0 = Shared-Gold|Win32
		{E9463AAA-610F-11E2-A95A-000C2978B81B}.Shared-Gold|x64.ActiveCfg = Shared-Gold|x64
		{E9463AAA-610F-11E2-A95A-000C2978B81B}.Shared-Gold|x64.Build.0 = Shared-Gold|x64
		{E9463AAA-610F-11E2-A95A-000C2978B81B}.Shared-Platinum|Win32.ActiveCfg = Shared-Platinum|Win32
		{E9463AAA-610F-11E2-A95A-000C2978B81B}.Shared-Platinum|Win32.Build.0 = Shared-Platinum|Win32
		{E9463AAA-610F-11E2-A95A-000C2978B81B}.Shared-Platinum|x64.ActiveCfg = Shared-Platinum|x64
		{E9463AAA-610F-11E2-A95A-000C2978B81B}.Shared-Platinum|x64.Build.0 = Shared-Platinum|x64
		{E9463AAA-610F-11E2-A95A-000C2978B81B}.Shared-Release|Win32.ActiveCfg = Shared-Release|Win32
		{E9463AAA-610F-11E2-A95A-000C2978B81B}.Shared-Release|Win32.Build.0 = Shared-Release|Win32
		{E9463AAA-610F-11E2-A95A-000C2978B81B}.Shared-Release|x64.ActiveCfg = Shared-Release|x64
		{E9463AAA-610F-11E2-A95A-000C2978B81B}.Shared-Release|x64.Build.0 = Shared-Release|x64
		{E9463AAA-610F-11E2-A95A-000C2978B81B}.Shared-Silver|Win32.ActiveCfg = Shared-Silver|Win32
		{E9463AAA-610F-11E2-A95A-000C2978B81B}.Shared-Silver|Win32.Build.0 = Shared-Silver|Win32
		{E9463AAA-610F-11E2-A95A-000C2978B81B}.Shared-Silver|x64.ActiveCfg = Shared-Silver|x64
		{E9463AAA-610F-11E2-A95A-000C2978B81B}.Shared-Silver|x64.Build.0 = Shared-Silver|x64
		{E9463AAA-610F-11E2-A95A-000C2978B81B}.Static-Debug|Win32.ActiveCfg = Static-Debug|Win32
		{E9463AAA-610F-11E2-A95A-000C2978B81B}.Static-Debug|Win32.Build.0 = Static-Debug|Win32
		{E9463AAA-610F-11E2-A95A-000C2978B81B}.Static-Debug|x64.ActiveCfg = Static-Debug|x64
		{E9463AAA-610F-11E2-A95A-000C2978B81B}.Static-Debug|x64.Build.0 = Static-Debug|x64
		{E9463AAA-610F-11E2-A95A-000C2978B81B}.Static-Gold|Win32.ActiveCfg = Static-Gold|Win32
		{E9463AAA-610F-11E2-A95A-000C2978B81B}.Static-Gold|Win32.Build.0 = Static-Gold|Win32
		{E9463AAA-610F-11E2-A95A-000C2978B81B}.Static-Gold|x64.ActiveCfg = Static-Gold|x64
		{E9463AAA-610F-11E2-A95A-000C2978B81B}.Static-Gold|x64.Build.0 = Static-Gold|x64
		{E9463AAA-610F-11E2-A95A-000C2978B81B}.Static-Platinum|Win32.ActiveCfg = Static-Platinum|Win32
		{E9463AAA-610F-11E2-A95A-000C2978B81B}.Static-Platinum|Win32.Build.0 = Static-Platinum|Win32
		{E9463AAA-610F-11E2-A95A-000C2978B81B}.Static-Platinum|x64.ActiveCfg = Static-Platinum|x64
		{E9463AAA-610F-11E2-A95A-000C2978B81B}.Static-Platinum|x64.Build.0 = Static-Platinum|x64
		{E9463AAA-610F-11E2-A95A-000C2978B81B}.Static-Release|Win32.ActiveCfg = Static-Release|Win32
		{E9463AAA-610F-11E2-A95A-000C2978B81B}.Static-Release|Win32.Build.0 = Static-Release|Win32
		{E9463AAA-610F-11E2-A95A-000C2978B81B}.Static-Release|x64.ActiveCfg = Static-Release|x64
		{E9463AAA-610F-11E2-A95A-000C2978B81B}.Static-Release|x64.Build.0 = Static-Release|x64
		{E9463AAA-610F-11E2-A95A-000C2978B81B}.Static-Silver|Win32.ActiveCfg = Static-Silver|Win32
		{E9463AAA-610F-11E2-A95A-000C2978B81B}.Static-Silver|Win32.Build.0 = Static-Silver|Win32
		{E9463AAA-610F-11E2-A95A-000C2978B81B}.Static-Silver|x64.ActiveCfg = Static-Silver|x64
		{E9463AAA-610F-11E2-A95A-000C2978B81B}.Static-Silver|x64.Build.0 = Static-Silver|x64
		{E9463C12-610F-11E2-A95A-000C2978B81B}.Shared-Debug|Win32.ActiveCfg = Shared-Debug|Win32
		{E9463C12-610F-11E2-A95A-000C2978B81B}.Shared-Debug|Win32.Build.0 = Shared-Debug|Win32
		{E9463C12-610F-11E2-A95A-000C2978B81B}.Shared-Debug|x64.ActiveCfg = Shared-Debug|x64
		{E9463C12-610F-11E2-A95A-000C2978B81B}.Shared-Debug|x64.Build.0 = Shared-Debug|x64
		{E9463C12-610F-11E2-A95A-000C2978B81B}.Shared-Gold|Win32.ActiveCfg = Shared-Gold|Win32
		{E9463C12-610F-11E2-A95A-000C2978B81B}.Shared-Gold|Win32.Build.0 = Shared-Gold|Win32
		{E9463C12-610F-11E2-A95A-000C2978B81B}.Shared-Gold|x64.ActiveCfg = Shared-Gold|x64
		{E9463C12-610F-11E2-A95A-000C2978B81B}.Shared-Gold|x64.Build.0 = Shared-Gold|x64
		{E9463C12-610F-11E2-A95A-000C2978B81B}.Shared-Platinum|Win32.ActiveCfg = Shared-Platinum|Win32
		{E9463C12-610F-11E2-A95A-000C2978B81B}.Shared-Platinum|Win32.Build.0 = Shared-Platinum|Win32
		{E9463C12-610F-11E2-A95A-000C2978B81B}.Shared-Platinum|x64.ActiveCfg = Shared-Platinum|x64
		{E9463C12-610F-11E2-A95A-000C2978B81B}.Shared-Platinum|x64.Build.0 = Shared-Platinum|x64
		{E9463C12-610F-11E2-A95A-000C2978B81B}.Shared-Release|Win32.ActiveCfg = Shared-Release|Win32
		{E9463C12-610F-11E2-A95A-000C2978B81B}.Shared-Release|Win32.Build.0 = Shared-Release|Win32
		{E9463C12-610F-11E2-A95A-000C2978B81B}.Shared-Release|x64.ActiveCfg = Shared-Release|x64
		{E9463C12-610F-11E2-A95A-000C2978B81B}.Shared-Release|x64.Build.0 = Shared-Release|x64
		{E9463C12-610F-11E2-A95A-000C2978B81B}.Shared-Silver|Win32.ActiveCfg = Shared-Silver|Win32
		{E9463C12-610F-11E2-A95A-000C2978B81B}.Shared-Silver|Win32.Build.0 = Shared-Silver|Win32
		{E9463C12-610F-11E2-A95A-000C2978B81B}.Shared-Silver|x64.ActiveCfg = Shared-Silver|x64
		{E9463C12-610F-11E2-A95A-000C2978B81B}.Shared-Silver|x64.Build.0 = Shared-Silver|x64
		{E9463C12-610F-11E2-A95A-000C2978B81B}.Static-Debug|Win32.ActiveCfg = Static-Debug|Win32
		{E9463C12-610F-11E2-A95A-000C2978B81B}.Static-Debug|Win32.Build.0 = Static-Debug|Win32
		{E9463C12-610F-11E2-A95A-000C2978B81B}.Static-Debug|x64.ActiveCfg = Static-Debug|x64
		{E9463C12-610F-11E2-A95A-000C2978B81B}.Static-Debug|x64.Build.0 = Static-Debug|x64
		{E9463C12-610F-11E2-A95A-000C2978B81B}.Static-Gold|Win32.ActiveCfg = Static-Gold|Win32
		{E9463C12-610F-11E2-A95A-000C2978B81B}.Static-Gold|Win32.Build.0 = Static-Gold|Win32
		{E9463C12-610F-11E2-A95A-000C2978B81B}.Static-Gold|x64.ActiveCfg = Static-Gold|x64
		{E9463C12-610F-11E2-A95A-000C2978B81B}.Static-Gold|x64.Build.0 = Static-Gold|x64
		{E9463C12-610F-11E2-A95A-000C2978B81B}.Static-Platinum|Win32.ActiveCfg = Static-Platinum|Win32
		{E9463C12-610F-11E2-A95A-000C2978B81B}.Static-Platinum|Win32.Build.0 = Static-Platinum|Win32
		{E9463C12-610F-11E2-A95A-000C2978B81B}.Static-Platinum|x64.ActiveCfg = Static-Platinum|x64
		{E9463C12-610F-11E2-A95A-000C2978B81B}.Static-Platinum|x64.Build.0 = Static-Platinum|x64
		{E9463C12-610F-11E2-A95A-000C2978B81B}.Static-Release|Win32.ActiveCfg = Static-Release|Win32
		{E9463C12-610F-11E2-A95A-000C2978B81B}.Static-Release|Win32.Build.0 = Static-Release|Win32
		{E9463C12-610F-11E2-A95A-000C2978B81B}.Static-Release|x64.ActiveCfg = Static-Release|x64
		{E9463C12-610F-11E2-A95A-000C2978B81B}.Static-Release|x64.Build.0 = Static-Release|x64
		{E9463C12-610F-11E2-A95A-000C2978B81B}.Static-Silver|Win32.ActiveCfg = Static-Silver|Win32
		{E9463C12-610F-11E2-A95A-000C2978B81B}.Static-Silver|Win32.Build.0 = Static-Silver|Win32
		{E9463C12-610F-11E2-A95A-000C2978B81B}.Static-Silver|x64.ActiveCfg = Static-Silver|x64
		{E9463C12-610F-11E2-A95A-000C2978B81B}.Static-Silver|x64.Build.0 = Static-Silver|x64
	EndGlobalSection
	GlobalSection(SolutionProperties) = preSolution
		HideSolutionNode = FALSE
	EndGlobalSection
	GlobalSection(NestedProjects) = preSolution
		{E8E027B0-610F-11E2-A95A-000C2978B81B} = {E8DF6D52-610F-11E2-A95A-000C2978B81B}
		{E8E3CD84-610F-11E2-A95A-000C2978B81B} = {E8DF6D52-610F-11E2-A95A-000C2978B81B}
		{E8E942C8-610F-11E2-A95A-000C2978B81B} = {E8DF6D52-610F-11E2-A95A-000C2978B81B}
		{E93A4B00-610F-11E2-A95A-000C2978B81B} = {E8DF6D52-610F-11E2-A95A-000C2978B81B}
		{E93BE35C-610F-11E2-A95A-000C2978B81B} = {E8DF6D52-610F-11E2-A95A-000C2978B81B}
		{E8E30368-610F-11E2-A95A-000C2978B81B} = {E8E027B0-610F-11E2-A95A-000C2978B81B}
		{E8E87924-610F-11E2-A95A-000C2978B81B} = {E8E3CD84-610F-11E2-A95A-000C2978B81B}
		{E900DCA8-610F-11E2-A95A-000C2978B81B} = {E8E942C8-610F-11E2-A95A-000C2978B81B}
		{E91C3142-610F-11E2-A95A-000C2978B81B} = {E900DCA8-610F-11E2-A95A-000C2978B81B}
		{E9250A9C-610F-11E2-A95A-000C2978B81B} = {E900DCA8-610F-11E2-A95A-000C2978B81B}
		{E9397180-610F-11E2-A95A-000C2978B81B} = {E900DCA8-610F-11E2-A95A-000C2978B81B}
		{E931AF9A-610F-11E2-A95A-000C2978B81B} = {E9250A9C-610F-11E2-A95A-000C2978B81B}
		{E9359B00-610F-11E2-A95A-000C2978B81B} = {E9250A9C-610F-11E2-A95A-000C2978B81B}
		{E93B1ED6-610F-11E2-A95A-000C2978B81B} = {E93A4B00-610F-11E2-A95A-000C2978B81B}
		{E93D1812-610F-11E2-A95A-000C2978B81B} = {E93BE35C-610F-11E2-A95A-000C2978B81B}
		{E9447418-610F-11E2-A95A-000C2978B81B} = {E93D1812-610F-11E2-A95A-000C2978B81B}
		{E9461D36-610F-11E2-A95A-000C2978B81B} = {E9447418-610F-11E2-A95A-000C2978B81B}
		{E94625B0-610F-11E2-A95A-000C2978B81B} = {E9462394-610F-11E2-A95A-000C2978B81B}
		{E9462740-610F-11E2-A95A-000C2978B81B} = {E9462394-610F-11E2-A95A-000C2978B81B}
		{E94628D0-610F-11E2-A95A-000C2978B81B} = {E9462394-610F-11E2-A95A-000C2978B81B}
		{E9463000-610F-11E2-A95A-000C2978B81B} = {E94625B0-610F-11E2-A95A-000C2978B81B}
		{E946337A-610F-11E2-A95A-000C2978B81B} = {E94625B0-610F-11E2-A95A-000C2978B81B}
		{E9463AAA-610F-11E2-A95A-000C2978B81B} = {E94625B0-610F-11E2-A95A-000C2978B81B}
		{E9463C12-610F-11E2-A95A-000C2978B81B} = {E94625B0-610F-11E2-A95A-000C2978B81B}
		{E9462A88-610F-11E2-A95A-000C2978B81B} = {E9462740-610F-11E2-A95A-000C2978B81B}
		{E9462E16-610F-11E2-A95A-000C2978B81B} = {E94628D0-610F-11E2-A95A-000C2978B81B}
		{E946312C-610F-11E2-A95A-000C2978B81B} = {E94628D0-610F-11E2-A95A-000C2978B81B}
	EndGlobalSection
EndGlobal
